// !$*UTF8*$!
{
	archiveVersion = 1;
	classes = {
	};
	objectVersion = 50;
	objects = {

/* Begin PBXBuildFile section */
		F6325A4B26CD38C1006271C5 /* AppDelegate.swift in Sources */ = {isa = PBXBuildFile; fileRef = F6325A4A26CD38C1006271C5 /* AppDelegate.swift */; };
		F6325A4D26CD38C1006271C5 /* SceneDelegate.swift in Sources */ = {isa = PBXBuildFile; fileRef = F6325A4C26CD38C1006271C5 /* SceneDelegate.swift */; };
		F6325A4F26CD38C1006271C5 /* ViewController.swift in Sources */ = {isa = PBXBuildFile; fileRef = F6325A4E26CD38C1006271C5 /* ViewController.swift */; };
		F6325A5226CD38C1006271C5 /* Main.storyboard in Resources */ = {isa = PBXBuildFile; fileRef = F6325A5026CD38C1006271C5 /* Main.storyboard */; };
		F6325A5426CD38C3006271C5 /* Assets.xcassets in Resources */ = {isa = PBXBuildFile; fileRef = F6325A5326CD38C3006271C5 /* Assets.xcassets */; };
		F6325A5726CD38C3006271C5 /* LaunchScreen.storyboard in Resources */ = {isa = PBXBuildFile; fileRef = F6325A5526CD38C3006271C5 /* LaunchScreen.storyboard */; };
		F6325A6126CD6859006271C5 /* LoadStationInfo.swift in Sources */ = {isa = PBXBuildFile; fileRef = F6325A6026CD6859006271C5 /* LoadStationInfo.swift */; };
/* End PBXBuildFile section */

/* Begin PBXFileReference section */
		F6325A4726CD38C1006271C5 /* week4_assignment3_xcode.app */ = {isa = PBXFileReference; explicitFileType = wrapper.application; includeInIndex = 0; path = week4_assignment3_xcode.app; sourceTree = BUILT_PRODUCTS_DIR; };
		F6325A4A26CD38C1006271C5 /* AppDelegate.swift */ = {isa = PBXFileReference; lastKnownFileType = sourcecode.swift; path = AppDelegate.swift; sourceTree = "<group>"; };
		F6325A4C26CD38C1006271C5 /* SceneDelegate.swift */ = {isa = PBXFileReference; lastKnownFileType = sourcecode.swift; path = SceneDelegate.swift; sourceTree = "<group>"; };
		F6325A4E26CD38C1006271C5 /* ViewController.swift */ = {isa = PBXFileReference; lastKnownFileType = sourcecode.swift; path = ViewController.swift; sourceTree = "<group>"; };
		F6325A5126CD38C1006271C5 /* Base */ = {isa = PBXFileReference; lastKnownFileType = file.storyboard; name = Base; path = Base.lproj/Main.storyboard; sourceTree = "<group>"; };
		F6325A5326CD38C3006271C5 /* Assets.xcassets */ = {isa = PBXFileReference; lastKnownFileType = folder.assetcatalog; path = Assets.xcassets; sourceTree = "<group>"; };
		F6325A5626CD38C3006271C5 /* Base */ = {isa = PBXFileReference; lastKnownFileType = file.storyboard; name = Base; path = Base.lproj/LaunchScreen.storyboard; sourceTree = "<group>"; };
		F6325A5826CD38C3006271C5 /* Info.plist */ = {isa = PBXFileReference; lastKnownFileType = text.plist.xml; path = Info.plist; sourceTree = "<group>"; };
		F6325A6026CD6859006271C5 /* LoadStationInfo.swift */ = {isa = PBXFileReference; lastKnownFileType = sourcecode.swift; path = LoadStationInfo.swift; sourceTree = "<group>"; };
/* End PBXFileReference section */

/* Begin PBXFrameworksBuildPhase section */
		F6325A4426CD38C1006271C5 /* Frameworks */ = {
			isa = PBXFrameworksBuildPhase;
			buildActionMask = 2147483647;
			files = (
			);
			runOnlyForDeploymentPostprocessing = 0;
		};
/* End PBXFrameworksBuildPhase section */

/* Begin PBXGroup section */
		F6325A3E26CD38C1006271C5 = {
			isa = PBXGroup;
			children = (
				F6325A4926CD38C1006271C5 /* week4_assignment3_xcode */,
				F6325A4826CD38C1006271C5 /* Products */,
			);
			sourceTree = "<group>";
		};
		F6325A4826CD38C1006271C5 /* Products */ = {
			isa = PBXGroup;
			children = (
				F6325A4726CD38C1006271C5 /* week4_assignment3_xcode.app */,
			);
			name = Products;
			sourceTree = "<group>";
		};
		F6325A4926CD38C1006271C5 /* week4_assignment3_xcode */ = {
			isa = PBXGroup;
			children = (
				F6325A4A26CD38C1006271C5 /* AppDelegate.swift */,
				F6325A4C26CD38C1006271C5 /* SceneDelegate.swift */,
				F6325A4E26CD38C1006271C5 /* ViewController.swift */,
				F6325A6026CD6859006271C5 /* LoadStationInfo.swift */,
				F6325A5026CD38C1006271C5 /* Main.storyboard */,
				F6325A5326CD38C3006271C5 /* Assets.xcassets */,
				F6325A5526CD38C3006271C5 /* LaunchScreen.storyboard */,
				F6325A5826CD38C3006271C5 /* Info.plist */,
			);
			path = week4_assignment3_xcode;
			sourceTree = "<group>";
		};
/* End PBXGroup section */

/* Begin PBXNativeTarget section */
		F6325A4626CD38C1006271C5 /* week4_assignment3_xcode */ = {
			isa = PBXNativeTarget;
			buildConfigurationList = F6325A5B26CD38C3006271C5 /* Build configuration list for PBXNativeTarget "week4_assignment3_xcode" */;
			buildPhases = (
				F6325A4326CD38C1006271C5 /* Sources */,
				F6325A4426CD38C1006271C5 /* Frameworks */,
				F6325A4526CD38C1006271C5 /* Resources */,
			);
			buildRules = (
			);
			dependencies = (
			);
			name = week4_assignment3_xcode;
			productName = week4_assignment3_xcode;
			productReference = F6325A4726CD38C1006271C5 /* week4_assignment3_xcode.app */;
			productType = "com.apple.product-type.application";
		};
/* End PBXNativeTarget section */

/* Begin PBXProject section */
		F6325A3F26CD38C1006271C5 /* Project object */ = {
			isa = PBXProject;
			attributes = {
				LastSwiftUpdateCheck = 1250;
				LastUpgradeCheck = 1250;
				TargetAttributes = {
					F6325A4626CD38C1006271C5 = {
						CreatedOnToolsVersion = 12.5.1;
					};
				};
			};
			buildConfigurationList = F6325A4226CD38C1006271C5 /* Build configuration list for PBXProject "week4_assignment3_xcode" */;
			compatibilityVersion = "Xcode 9.3";
			developmentRegion = en;
			hasScannedForEncodings = 0;
			knownRegions = (
				en,
				Base,
			);
			mainGroup = F6325A3E26CD38C1006271C5;
			productRefGroup = F6325A4826CD38C1006271C5 /* Products */;
			projectDirPath = "";
			projectRoot = "";
			targets = (
				F6325A4626CD38C1006271C5 /* week4_assignment3_xcode */,
			);
		};
/* End PBXProject section */

/* Begin PBXResourcesBuildPhase section */
		F6325A4526CD38C1006271C5 /* Resources */ = {
			isa = PBXResourcesBuildPhase;
			buildActionMask = 2147483647;
			files = (
				F6325A5726CD38C3006271C5 /* LaunchScreen.storyboard in Resources */,
				F6325A5426CD38C3006271C5 /* Assets.xcassets in Resources */,
				F6325A5226CD38C1006271C5 /* Main.storyboard in Resources */,
			);
			runOnlyForDeploymentPostprocessing = 0;
		};
/* End PBXResourcesBuildPhase section */

/* Begin PBXSourcesBuildPhase section */
		F6325A4326CD38C1006271C5 /* Sources */ = {
			isa = PBXSourcesBuildPhase;
			buildActionMask = 2147483647;
			files = (
				F6325A4F26CD38C1006271C5 /* ViewController.swift in Sources */,
				F6325A4B26CD38C1006271C5 /* AppDelegate.swift in Sources */,
				F6325A6126CD6859006271C5 /* LoadStationInfo.swift in Sources */,
				F6325A4D26CD38C1006271C5 /* SceneDelegate.swift in Sources */,
			);
			runOnlyForDeploymentPostprocessing = 0;
		};
/* End PBXSourcesBuildPhase section */

/* Begin PBXVariantGroup section */
		F6325A5026CD38C1006271C5 /* Main.storyboard */ = {
			isa = PBXVariantGroup;
			children = (
				F6325A5126CD38C1006271C5 /* Base */,
			);
			name = Main.storyboard;
			sourceTree = "<group>";
		};
		F6325A5526CD38C3006271C5 /* LaunchScreen.storyboard */ = {
			isa = PBXVariantGroup;
			children = (
				F6325A5626CD38C3006271C5 /* Base */,
			);
			name = LaunchScreen.storyboard;
			sourceTree = "<group>";
		};
/* End PBXVariantGroup section */

/* Begin XCBuildConfiguration section */
		F6325A5926CD38C3006271C5 /* Debug */ = {
			isa = XCBuildConfiguration;
			buildSettings = {
				ALWAYS_SEARCH_USER_PATHS = NO;
				CLANG_ANALYZER_NONNULL = YES;
				CLANG_ANALYZER_NUMBER_OBJECT_CONVERSION = YES_AGGRESSIVE;
				CLANG_CXX_LANGUAGE_STANDARD = "gnu++14";
				CLANG_CXX_LIBRARY = "libc++";
				CLANG_ENABLE_MODULES = YES;
				CLANG_ENABLE_OBJC_ARC = YES;
				CLANG_ENABLE_OBJC_WEAK = YES;
				CLANG_WARN_BLOCK_CAPTURE_AUTORELEASING = YES;
				CLANG_WARN_BOOL_CONVERSION = YES;
				CLANG_WARN_COMMA = YES;
				CLANG_WARN_CONSTANT_CONVERSION = YES;
				CLANG_WARN_DEPRECATED_OBJC_IMPLEMENTATIONS = YES;
				CLANG_WARN_DIRECT_OBJC_ISA_USAGE = YES_ERROR;
				CLANG_WARN_DOCUMENTATION_COMMENTS = YES;
				CLANG_WARN_EMPTY_BODY = YES;
				CLANG_WARN_ENUM_CONVERSION = YES;
				CLANG_WARN_INFINITE_RECURSION = YES;
				CLANG_WARN_INT_CONVERSION = YES;
				CLANG_WARN_NON_LITERAL_NULL_CONVERSION = YES;
				CLANG_WARN_OBJC_IMPLICIT_RETAIN_SELF = YES;
				CLANG_WARN_OBJC_LITERAL_CONVERSION = YES;
				CLANG_WARN_OBJC_ROOT_CLASS = YES_ERROR;
				CLANG_WARN_QUOTED_INCLUDE_IN_FRAMEWORK_HEADER = YES;
				CLANG_WARN_RANGE_LOOP_ANALYSIS = YES;
				CLANG_WARN_STRICT_PROTOTYPES = YES;
				CLANG_WARN_SUSPICIOUS_MOVE = YES;
				CLANG_WARN_UNGUARDED_AVAILABILITY = YES_AGGRESSIVE;
				CLANG_WARN_UNREACHABLE_CODE = YES;
				CLANG_WARN__DUPLICATE_METHOD_MATCH = YES;
				COPY_PHASE_STRIP = NO;
				DEBUG_INFORMATION_FORMAT = dwarf;
				ENABLE_STRICT_OBJC_MSGSEND = YES;
				ENABLE_TESTABILITY = YES;
				GCC_C_LANGUAGE_STANDARD = gnu11;
				GCC_DYNAMIC_NO_PIC = NO;
				GCC_NO_COMMON_BLOCKS = YES;
				GCC_OPTIMIZATION_LEVEL = 0;
				GCC_PREPROCESSOR_DEFINITIONS = (
					"DEBUG=1",
					"$(inherited)",
				);
				GCC_WARN_64_TO_32_BIT_CONVERSION = YES;
				GCC_WARN_ABOUT_RETURN_TYPE = YES_ERROR;
				GCC_WARN_UNDECLARED_SELECTOR = YES;
				GCC_WARN_UNINITIALIZED_AUTOS = YES_AGGRESSIVE;
				GCC_WARN_UNUSED_FUNCTION = YES;
				GCC_WARN_UNUSED_VARIABLE = YES;
				IPHONEOS_DEPLOYMENT_TARGET = 14.5;
				MTL_ENABLE_DEBUG_INFO = INCLUDE_SOURCE;
				MTL_FAST_MATH = YES;
				ONLY_ACTIVE_ARCH = YES;
				OTHER_SWIFT_FLAGS = "-Xfrontend -enable-experimental-concurrency";
				SDKROOT = iphoneos;
				SWIFT_ACTIVE_COMPILATION_CONDITIONS = DEBUG;
				SWIFT_OPTIMIZATION_LEVEL = "-Onone";
			};
			name = Debug;
		};
		F6325A5A26CD38C3006271C5 /* Release */ = {
			isa = XCBuildConfiguration;
			buildSettings = {
				ALWAYS_SEARCH_USER_PATHS = NO;
				CLANG_ANALYZER_NONNULL = YES;
				CLANG_ANALYZER_NUMBER_OBJECT_CONVERSION = YES_AGGRESSIVE;
				CLANG_CXX_LANGUAGE_STANDARD = "gnu++14";
				CLANG_CXX_LIBRARY = "libc++";
				CLANG_ENABLE_MODULES = YES;
				CLANG_ENABLE_OBJC_ARC = YES;
				CLANG_ENABLE_OBJC_WEAK = YES;
				CLANG_WARN_BLOCK_CAPTURE_AUTORELEASING = YES;
				CLANG_WARN_BOOL_CONVERSION = YES;
				CLANG_WARN_COMMA = YES;
				CLANG_WARN_CONSTANT_CONVERSION = YES;
				CLANG_WARN_DEPRECATED_OBJC_IMPLEMENTATIONS = YES;
				CLANG_WARN_DIRECT_OBJC_ISA_USAGE = YES_ERROR;
				CLANG_WARN_DOCUMENTATION_COMMENTS = YES;
				CLANG_WARN_EMPTY_BODY = YES;
				CLANG_WARN_ENUM_CONVERSION = YES;
				CLANG_WARN_INFINITE_RECURSION = YES;
				CLANG_WARN_INT_CONVERSION = YES;
				CLANG_WARN_NON_LITERAL_NULL_CONVERSION = YES;
				CLANG_WARN_OBJC_IMPLICIT_RETAIN_SELF = YES;
				CLANG_WARN_OBJC_LITERAL_CONVERSION = YES;
				CLANG_WARN_OBJC_ROOT_CLASS = YES_ERROR;
				CLANG_WARN_QUOTED_INCLUDE_IN_FRAMEWORK_HEADER = YES;
				CLANG_WARN_RANGE_LOOP_ANALYSIS = YES;
				CLANG_WARN_STRICT_PROTOTYPES = YES;
				CLANG_WARN_SUSPICIOUS_MOVE = YES;
				CLANG_WARN_UNGUARDED_AVAILABILITY = YES_AGGRESSIVE;
				CLANG_WARN_UNREACHABLE_CODE = YES;
				CLANG_WARN__DUPLICATE_METHOD_MATCH = YES;
				COPY_PHASE_STRIP = NO;
				DEBUG_INFORMATION_FORMAT = "dwarf-with-dsym";
				ENABLE_NS_ASSERTIONS = NO;
				ENABLE_STRICT_OBJC_MSGSEND = YES;
				GCC_C_LANGUAGE_STANDARD = gnu11;
				GCC_NO_COMMON_BLOCKS = YES;
				GCC_WARN_64_TO_32_BIT_CONVERSION = YES;
				GCC_WARN_ABOUT_RETURN_TYPE = YES_ERROR;
				GCC_WARN_UNDECLARED_SELECTOR = YES;
				GCC_WARN_UNINITIALIZED_AUTOS = YES_AGGRESSIVE;
				GCC_WARN_UNUSED_FUNCTION = YES;
				GCC_WARN_UNUSED_VARIABLE = YES;
				IPHONEOS_DEPLOYMENT_TARGET = 14.5;
				MTL_ENABLE_DEBUG_INFO = NO;
				MTL_FAST_MATH = YES;
				OTHER_SWIFT_FLAGS = "-Xfrontend -enable-experimental-concurrency";
				SDKROOT = iphoneos;
				SWIFT_COMPILATION_MODE = wholemodule;
				SWIFT_OPTIMIZATION_LEVEL = "-O";
				VALIDATE_PRODUCT = YES;
			};
			name = Release;
		};
		F6325A5C26CD38C3006271C5 /* Debug */ = {
			isa = XCBuildConfiguration;
			buildSettings = {
				ASSETCATALOG_COMPILER_APPICON_NAME = AppIcon;
				ASSETCATALOG_COMPILER_GLOBAL_ACCENT_COLOR_NAME = AccentColor;
				CODE_SIGN_STYLE = Automatic;
				DEVELOPMENT_TEAM = 2FTGGYY3M4;
				INFOPLIST_FILE = week4_assignment3_xcode/Info.plist;
				LD_RUNPATH_SEARCH_PATHS = (
					"$(inherited)",
					"@executable_path/Frameworks",
				);
				PRODUCT_BUNDLE_IDENTIFIER = "com.pcc.week4-assignment3-xcode";
				PRODUCT_NAME = "$(TARGET_NAME)";
				SWIFT_VERSION = 5.0;
				TARGETED_DEVICE_FAMILY = "1,2";
			};
			name = Debug;
		};
		F6325A5D26CD38C3006271C5 /* Release */ = {
			isa = XCBuildConfiguration;
			buildSettings = {
				ASSETCATALOG_COMPILER_APPICON_NAME = AppIcon;
				ASSETCATALOG_COMPILER_GLOBAL_ACCENT_COLOR_NAME = AccentColor;
				CODE_SIGN_STYLE = Automatic;
				DEVELOPMENT_TEAM = 2FTGGYY3M4;
				INFOPLIST_FILE = week4_assignment3_xcode/Info.plist;
				LD_RUNPATH_SEARCH_PATHS = (
					"$(inherited)",
					"@executable_path/Frameworks",
				);
				PRODUCT_BUNDLE_IDENTIFIER = "com.pcc.week4-assignment3-xcode";
				PRODUCT_NAME = "$(TARGET_NAME)";
				SWIFT_VERSION = 5.0;
				TARGETED_DEVICE_FAMILY = "1,2";
			};
			name = Release;
		};
/* End XCBuildConfiguration section */

/* Begin XCConfigurationList section */
		F6325A4226CD38C1006271C5 /* Build configuration list for PBXProject "week4_assignment3_xcode" */ = {
			isa = XCConfigurationList;
			buildConfigurations = (
				F6325A5926CD38C3006271C5 /* Debug */,
				F6325A5A26CD38C3006271C5 /* Release */,
			);
			defaultConfigurationIsVisible = 0;
			defaultConfigurationName = Release;
		};
		F6325A5B26CD38C3006271C5 /* Build configuration list for PBXNativeTarget "week4_assignment3_xcode" */ = {
			isa = XCConfigurationList;
			buildConfigurations = (
				F6325A5C26CD38C3006271C5 /* Debug */,
				F6325A5D26CD38C3006271C5 /* Release */,
			);
			defaultConfigurationIsVisible = 0;
			defaultConfigurationName = Release;
		};
/* End XCConfigurationList section */
	};
	rootObject = F6325A3F26CD38C1006271C5 /* Project object */;
}
